
Microsoft Visual Studio Solution File, Format Version 12.00
# Visual Studio 15
VisualStudioVersion = 15.0.26730.16
MinimumVisualStudioVersion = 10.0.40219.1
Project("{FAE04EC0-301F-11D3-BF4B-00C04F79EFBC}") = "CoordinateCalculator", "WindowsFormsApp4\CoordinateCalculator.csproj", "{748CD8E1-6D4C-4FD6-9497-11AA7CBB8FA6}"
EndProject
Global
	GlobalSection(SolutionConfigurationPlatforms) = preSolution
		Debug|Any CPU = Debug|Any CPU
		Release|Any CPU = Release|Any CPU
	EndGlobalSection
	GlobalSection(ProjectConfigurationPlatforms) = postSolution
		{748CD8E1-6D4C-4FD6-9497-11AA7CBB8FA6}.Debug|Any CPU.ActiveCfg = Debug|Any CPU
		{748CD8E1-6D4C-4FD6-9497-11AA7CBB8FA6}.Debug|Any CPU.Build.0 = Debug|Any CPU
		{748CD8E1-6D4C-4FD6-9497-11AA7CBB8FA6}.Release|Any CPU.ActiveCfg = Release|Any CPU
		{748CD8E1-6D4C-4FD6-9497-11AA7CBB8FA6}.Release|Any CPU.Build.0 = Release|Any CPU
	EndGlobalSection
	GlobalSection(SolutionProperties) = preSolution
		HideSolutionNode = FALSE
	EndGlobalSection
	GlobalSection(ExtensibilityGlobals) = postSolution
		SolutionGuid = {49B096D6-2FC4-47A4-83F8-57C88B5BCB34}
	EndGlobalSection
EndGlobal
